
Microsoft Visual Studio Solution File, Format Version 12.00
# Visual Studio Version 16
VisualStudioVersion = 16.0.34301.259
MinimumVisualStudioVersion = 10.0.40219.1
Project("{FAE04EC0-301F-11D3-BF4B-00C04F79EFBC}") = "MiniProjet", "MiniProjet\MiniProjet.csproj", "{7522FF6C-20CB-49A3-B441-834C36085E99}"
EndProject
Global
	GlobalSection(SolutionConfigurationPlatforms) = preSolution
		Debug|Any CPU = Debug|Any CPU
		Release|Any CPU = Release|Any CPU
	EndGlobalSection
	GlobalSection(ProjectConfigurationPlatforms) = postSolution
		{7522FF6C-20CB-49A3-B441-834C36085E99}.Debug|Any CPU.ActiveCfg = Debug|Any CPU
		{7522FF6C-20CB-49A3-B441-834C36085E99}.Debug|Any CPU.Build.0 = Debug|Any CPU
		{7522FF6C-20CB-49A3-B441-834C36085E99}.Release|Any CPU.ActiveCfg = Release|Any CPU
		{7522FF6C-20CB-49A3-B441-834C36085E99}.Release|Any CPU.Build.0 = Release|Any CPU
	EndGlobalSection
	GlobalSection(SolutionProperties) = preSolution
		HideSolutionNode = FALSE
	EndGlobalSection
	GlobalSection(ExtensibilityGlobals) = postSolution
		SolutionGuid = {6770E135-6512-4094-801E-3935EF182FB9}
	EndGlobalSection
EndGlobal
